
Microsoft Visual Studio Solution File, Format Version 12.00
# Visual Studio 15
Project("{FAE04EC0-301F-11D3-BF4B-00C04F79EFBC}") = "UnityEngine.TestRunner", "UnityEngine.TestRunner.csproj", "{43485343-A75F-96E9-3DB2-E243757DFEC0}"
EndProject
Project("{FAE04EC0-301F-11D3-BF4B-00C04F79EFBC}") = "Unity.VisualScripting.Flow", "Unity.VisualScripting.Flow.csproj", "{58B57D6E-751D-DF80-E86A-0670196DD77C}"
EndProject
Project("{FAE04EC0-301F-11D3-BF4B-00C04F79EFBC}") = "Unity.Services.Core.Telemetry", "Unity.Services.Core.Telemetry.csproj", "{C87905DE-413D-C8F6-8B13-3734173C4869}"
EndProject
Project("{FAE04EC0-301F-11D3-BF4B-00C04F79EFBC}") = "Unity.VisualScripting.State", "Unity.VisualScripting.State.csproj", "{6E0B9A0B-B9AF-2C05-5C68-79C9B006ED56}"
EndProject
Project("{FAE04EC0-301F-11D3-BF4B-00C04F79EFBC}") = "Unity.VisualScripting.Core", "Unity.VisualScripting.Core.csproj", "{C6FA9ABF-8DC3-86DB-D955-8E3ED8284A1B}"
EndProject
Project("{FAE04EC0-301F-11D3-BF4B-00C04F79EFBC}") = "Assembly-CSharp", "Assembly-CSharp.csproj", "{50292A69-5C81-1C7F-B7D6-5E5AC05FD89D}"
EndProject
Project("{FAE04EC0-301F-11D3-BF4B-00C04F79EFBC}") = "Unity.Services.Core.Environments.Internal", "Unity.Services.Core.Environments.Internal.csproj", "{05A07CC3-DED6-05FB-3088-8FB99B9E1BC2}"
EndProject
Project("{FAE04EC0-301F-11D3-BF4B-00C04F79EFBC}") = "Unity.TextMeshPro", "Unity.TextMeshPro.csproj", "{69C09019-7991-AC48-5E1B-3FA8653DE432}"
EndProject
Project("{FAE04EC0-301F-11D3-BF4B-00C04F79EFBC}") = "Unity.Polybrush", "Unity.Polybrush.csproj", "{0FD2418B-4412-4993-E69B-EEAC09B31A72}"
EndProject
Project("{FAE04EC0-301F-11D3-BF4B-00C04F79EFBC}") = "Unity.ProBuilder.Poly2Tri", "Unity.ProBuilder.Poly2Tri.csproj", "{9F3BEFA8-3CDF-9660-2CF1-FD24EE8F0FCF}"
EndProject
Project("{FAE04EC0-301F-11D3-BF4B-00C04F79EFBC}") = "Cinemachine", "Cinemachine.csproj", "{ABA4BF2E-3E59-218A-7210-D16A818A111A}"
EndProject
Project("{FAE04EC0-301F-11D3-BF4B-00C04F79EFBC}") = "Unity.Timeline", "Unity.Timeline.csproj", "{BA0F29FD-6E0A-A3D5-7FFE-72D7126617FD}"
EndProject
Project("{FAE04EC0-301F-11D3-BF4B-00C04F79EFBC}") = "Autodesk.Fbx", "Autodesk.Fbx.csproj", "{688A507A-0F1B-C607-B6C9-B1B0BA0D5633}"
EndProject
Project("{FAE04EC0-301F-11D3-BF4B-00C04F79EFBC}") = "Unity.ProBuilder", "Unity.ProBuilder.csproj", "{95532327-06FD-8067-2027-046FF83788BD}"
EndProject
Project("{FAE04EC0-301F-11D3-BF4B-00C04F79EFBC}") = "Unity.Services.Core.Environments", "Unity.Services.Core.Environments.csproj", "{EC6F960C-6D8A-DC3D-28EB-D27D73EDF075}"
EndProject
Project("{FAE04EC0-301F-11D3-BF4B-00C04F79EFBC}") = "Unity.Services.Core.Internal", "Unity.Services.Core.Internal.csproj", "{51B4B6E3-3A08-E87E-21B2-6A45FC6B2532}"
EndProject
Project("{FAE04EC0-301F-11D3-BF4B-00C04F79EFBC}") = "Unity.Services.Core.Analytics", "Unity.Services.Core.Analytics.csproj", "{CAB0D7AA-CF5E-AF91-12C5-271D98E89314}"
EndProject
Project("{FAE04EC0-301F-11D3-BF4B-00C04F79EFBC}") = "Unity.ProBuilder.Csg", "Unity.ProBuilder.Csg.csproj", "{6D73068D-E4B5-6138-A28B-702C281DB2E0}"
EndProject
Project("{FAE04EC0-301F-11D3-BF4B-00C04F79EFBC}") = "Unity.Services.Core.Scheduler", "Unity.Services.Core.Scheduler.csproj", "{451A8729-0365-67C4-29E9-F3B012B28236}"
EndProject
Project("{FAE04EC0-301F-11D3-BF4B-00C04F79EFBC}") = "Unity.Services.Core.Registration", "Unity.Services.Core.Registration.csproj", "{02DBBB8B-E2E0-2F95-13D2-8782B3162298}"
EndProject
Project("{FAE04EC0-301F-11D3-BF4B-00C04F79EFBC}") = "Unity.Services.Core.Device", "Unity.Services.Core.Device.csproj", "{BECA8D98-C310-7A15-5616-F06AA0DC30B9}"
EndProject
Project("{FAE04EC0-301F-11D3-BF4B-00C04F79EFBC}") = "Unity.TerrainTools", "Unity.TerrainTools.csproj", "{879B1131-8D2B-B627-E18F-8ADB15E1BCC7}"
EndProject
Project("{FAE04EC0-301F-11D3-BF4B-00C04F79EFBC}") = "Unity.Services.Core.Threading", "Unity.Services.Core.Threading.csproj", "{E3D6BD26-8A5F-D864-6C58-DFE29AF5B9B8}"
EndProject
Project("{FAE04EC0-301F-11D3-BF4B-00C04F79EFBC}") = "Unity.Services.Core.Networking", "Unity.Services.Core.Networking.csproj", "{142AE5F1-27F6-9A61-EADA-4B7C4F343658}"
EndProject
Project("{FAE04EC0-301F-11D3-BF4B-00C04F79EFBC}") = "Unity.ProBuilder.KdTree", "Unity.ProBuilder.KdTree.csproj", "{08CEDCA3-4F6E-B3C6-DC2F-55FAB7A06460}"
EndProject
Project("{FAE04EC0-301F-11D3-BF4B-00C04F79EFBC}") = "Unity.Services.Core", "Unity.Services.Core.csproj", "{DB2F5B99-828B-83E6-5901-65FDE296D3DC}"
EndProject
Project("{FAE04EC0-301F-11D3-BF4B-00C04F79EFBC}") = "Unity.Formats.Fbx.Runtime", "Unity.Formats.Fbx.Runtime.csproj", "{DD21E8E5-2F2E-76C2-7494-311F4BD53D99}"
EndProject
Project("{FAE04EC0-301F-11D3-BF4B-00C04F79EFBC}") = "Unity.Services.Core.Configuration", "Unity.Services.Core.Configuration.csproj", "{3655D2AA-5791-1D50-6372-04D0DFB7004E}"
EndProject
Project("{FAE04EC0-301F-11D3-BF4B-00C04F79EFBC}") = "Unity.ProBuilder.Stl", "Unity.ProBuilder.Stl.csproj", "{A4BB14FE-5B31-AAFB-A852-30147013139E}"
EndProject
Project("{FAE04EC0-301F-11D3-BF4B-00C04F79EFBC}") = "FbxBuildTestAssets", "FbxBuildTestAssets.csproj", "{276CEFB5-A6F8-FD22-FD62-EFDCAC908813}"
EndProject
Project("{FAE04EC0-301F-11D3-BF4B-00C04F79EFBC}") = "Unity.PlasticSCM.Editor", "Unity.PlasticSCM.Editor.csproj", "{4B17DEAB-5577-75E9-F76C-38E5FCC2BE30}"
EndProject
Project("{FAE04EC0-301F-11D3-BF4B-00C04F79EFBC}") = "Unity.VisualScripting.Core.Editor", "Unity.VisualScripting.Core.Editor.csproj", "{E0CB83AA-8248-DB70-A7A6-113E0986A70E}"
EndProject
Project("{FAE04EC0-301F-11D3-BF4B-00C04F79EFBC}") = "Unity.VisualScripting.Flow.Editor", "Unity.VisualScripting.Flow.Editor.csproj", "{E625ABB0-CCDA-E069-9717-ECCFCA11CC7A}"
EndProject
Project("{FAE04EC0-301F-11D3-BF4B-00C04F79EFBC}") = "Unity.TerrainTools.Editor", "Unity.TerrainTools.Editor.csproj", "{3F36DA64-68CB-9E2F-1B3A-512583ABE8B5}"
EndProject
Project("{FAE04EC0-301F-11D3-BF4B-00C04F79EFBC}") = "Unity.Formats.Fbx.Editor", "Unity.Formats.Fbx.Editor.csproj", "{061EDA45-5007-9983-7415-7482079E3369}"
EndProject
Project("{FAE04EC0-301F-11D3-BF4B-00C04F79EFBC}") = "Unity.VisualStudio.Editor", "Unity.VisualStudio.Editor.csproj", "{48592165-F0E3-EC86-309C-EB68EDDC9CBB}"
EndProject
Project("{FAE04EC0-301F-11D3-BF4B-00C04F79EFBC}") = "Unity.ProBuilder.Editor", "Unity.ProBuilder.Editor.csproj", "{9FF72121-8CBA-9212-0D63-27B0B986A6FF}"
EndProject
Project("{FAE04EC0-301F-11D3-BF4B-00C04F79EFBC}") = "Unity.Timeline.Editor", "Unity.Timeline.Editor.csproj", "{F38FE83D-49F9-7751-1330-E93FFE33CCB0}"
EndProject
Project("{FAE04EC0-301F-11D3-BF4B-00C04F79EFBC}") = "com.unity.cinemachine.editor", "com.unity.cinemachine.editor.csproj", "{6A1C78CA-9B65-BCF0-52BA-D42D23981CE0}"
EndProject
Project("{FAE04EC0-301F-11D3-BF4B-00C04F79EFBC}") = "Unity.VisualScripting.State.Editor", "Unity.VisualScripting.State.Editor.csproj", "{51DF1A25-59B8-67BC-6378-1EC0EB95873C}"
EndProject
Project("{FAE04EC0-301F-11D3-BF4B-00C04F79EFBC}") = "Unity.TextMeshPro.Editor", "Unity.TextMeshPro.Editor.csproj", "{EE2D22C2-5F4E-753D-09AD-1138AAF7A980}"
EndProject
Project("{FAE04EC0-301F-11D3-BF4B-00C04F79EFBC}") = "Unity.VisualScripting.SettingsProvider.Editor", "Unity.VisualScripting.SettingsProvider.Editor.csproj", "{5C8FD32E-30DF-DDA2-0BDA-1714320D9F54}"
EndProject
Project("{FAE04EC0-301F-11D3-BF4B-00C04F79EFBC}") = "Unity.CollabProxy.Editor", "Unity.CollabProxy.Editor.csproj", "{8F088D1A-B0B2-D279-4531-5CBCCAA902D0}"
EndProject
Project("{FAE04EC0-301F-11D3-BF4B-00C04F79EFBC}") = "UnityEditor.TestRunner", "UnityEditor.TestRunner.csproj", "{C90B8E95-A2C9-53D3-0059-0DC98BE0A5DD}"
EndProject
Project("{FAE04EC0-301F-11D3-BF4B-00C04F79EFBC}") = "Unity.Services.Core.Editor", "Unity.Services.Core.Editor.csproj", "{FF60C437-28FD-2F8C-7F6F-7B6C1FB4917C}"
EndProject
Project("{FAE04EC0-301F-11D3-BF4B-00C04F79EFBC}") = "Unity.TestTools.CodeCoverage.Editor", "Unity.TestTools.CodeCoverage.Editor.csproj", "{FE5D6EF8-9E8E-0238-A03E-2C12959880CE}"
EndProject
Project("{FAE04EC0-301F-11D3-BF4B-00C04F79EFBC}") = "Unity.Polybrush.Editor", "Unity.Polybrush.Editor.csproj", "{E82CDA7A-0932-43BC-FA34-7E7EA5577F08}"
EndProject
Project("{FAE04EC0-301F-11D3-BF4B-00C04F79EFBC}") = "Unity.Rider.Editor", "Unity.Rider.Editor.csproj", "{CE6C10D4-13E6-C8FA-0581-DF960197D455}"
EndProject
Project("{FAE04EC0-301F-11D3-BF4B-00C04F79EFBC}") = "Assembly-CSharp-Editor", "Assembly-CSharp-Editor.csproj", "{8091A034-F5E0-C2EA-8197-C2E025D4885C}"
EndProject
Project("{FAE04EC0-301F-11D3-BF4B-00C04F79EFBC}") = "Unity.Performance.Profile-Analyzer.Editor", "Unity.Performance.Profile-Analyzer.Editor.csproj", "{C4F83749-80A4-D3C4-3041-CA8F17846D93}"
EndProject
Project("{FAE04EC0-301F-11D3-BF4B-00C04F79EFBC}") = "Unity.VSCode.Editor", "Unity.VSCode.Editor.csproj", "{E78231AB-8D24-BE03-F359-1F971E42F692}"
EndProject
Project("{FAE04EC0-301F-11D3-BF4B-00C04F79EFBC}") = "Unity.ProBuilder.AssetIdRemapUtility", "Unity.ProBuilder.AssetIdRemapUtility.csproj", "{F4ABF41A-BEDA-6F66-FDB1-310444B9340C}"
EndProject
Project("{FAE04EC0-301F-11D3-BF4B-00C04F79EFBC}") = "Unity.TestTools.CodeCoverage.Editor.OpenCover.Model", "Unity.TestTools.CodeCoverage.Editor.OpenCover.Model.csproj", "{F88EE4FE-7548-29A2-B677-941040F4D579}"
EndProject
Project("{FAE04EC0-301F-11D3-BF4B-00C04F79EFBC}") = "Unity.EditorCoroutines.Editor", "Unity.EditorCoroutines.Editor.csproj", "{EFE8D9C3-3A70-FF33-FC13-35D1969337A9}"
EndProject
Project("{FAE04EC0-301F-11D3-BF4B-00C04F79EFBC}") = "Unity.Settings.Editor", "Unity.Settings.Editor.csproj", "{B19CC209-ABA5-9706-72BF-15452272733C}"
EndProject
Project("{FAE04EC0-301F-11D3-BF4B-00C04F79EFBC}") = "Unity.Services.Core.Configuration.Editor", "Unity.Services.Core.Configuration.Editor.csproj", "{5AD45534-5D8F-2718-5613-AA1D6E40BD1B}"
EndProject
Project("{FAE04EC0-301F-11D3-BF4B-00C04F79EFBC}") = "Autodesk.Fbx.Editor", "Autodesk.Fbx.Editor.csproj", "{9D3B7C7B-CFCF-89B7-C27F-15F83C68F080}"
EndProject
Project("{FAE04EC0-301F-11D3-BF4B-00C04F79EFBC}") = "Unity.TestTools.CodeCoverage.Editor.OpenCover.Mono.Reflection", "Unity.TestTools.CodeCoverage.Editor.OpenCover.Mono.Reflection.csproj", "{609F961F-350D-30FF-FD5E-049555C723D7}"
EndProject
Project("{FAE04EC0-301F-11D3-BF4B-00C04F79EFBC}") = "Unity.VisualScripting.Shared.Editor", "Unity.VisualScripting.Shared.Editor.csproj", "{0B9977D6-F996-7243-3270-5E7F137A9BAE}"
EndProject
Project("{FAE04EC0-301F-11D3-BF4B-00C04F79EFBC}") = "Unity.ProBuilder.AddOns.Editor", "Unity.ProBuilder.AddOns.Editor.csproj", "{1AAA4297-6DE1-0BC8-3B4E-3C90CE670915}"
EndProject
Global
	GlobalSection(SolutionConfigurationPlatforms) = preSolution
		Debug|Any CPU = Debug|Any CPU
		Release|Any CPU = Release|Any CPU
	EndGlobalSection
	GlobalSection(ProjectConfigurationPlatforms) = postSolution
		{43485343-A75F-96E9-3DB2-E243757DFEC0}.Debug|Any CPU.ActiveCfg = Debug|Any CPU
		{43485343-A75F-96E9-3DB2-E243757DFEC0}.Debug|Any CPU.Build.0 = Debug|Any CPU
		{43485343-A75F-96E9-3DB2-E243757DFEC0}.Release|Any CPU.ActiveCfg = Release|Any CPU
		{43485343-A75F-96E9-3DB2-E243757DFEC0}.Release|Any CPU.Build.0 = Release|Any CPU
		{58B57D6E-751D-DF80-E86A-0670196DD77C}.Debug|Any CPU.ActiveCfg = Debug|Any CPU
		{58B57D6E-751D-DF80-E86A-0670196DD77C}.Debug|Any CPU.Build.0 = Debug|Any CPU
		{58B57D6E-751D-DF80-E86A-0670196DD77C}.Release|Any CPU.ActiveCfg = Release|Any CPU
		{58B57D6E-751D-DF80-E86A-0670196DD77C}.Release|Any CPU.Build.0 = Release|Any CPU
		{C87905DE-413D-C8F6-8B13-3734173C4869}.Debug|Any CPU.ActiveCfg = Debug|Any CPU
		{C87905DE-413D-C8F6-8B13-3734173C4869}.Debug|Any CPU.Build.0 = Debug|Any CPU
		{C87905DE-413D-C8F6-8B13-3734173C4869}.Release|Any CPU.ActiveCfg = Release|Any CPU
		{C87905DE-413D-C8F6-8B13-3734173C4869}.Release|Any CPU.Build.0 = Release|Any CPU
		{6E0B9A0B-B9AF-2C05-5C68-79C9B006ED56}.Debug|Any CPU.ActiveCfg = Debug|Any CPU
		{6E0B9A0B-B9AF-2C05-5C68-79C9B006ED56}.Debug|Any CPU.Build.0 = Debug|Any CPU
		{6E0B9A0B-B9AF-2C05-5C68-79C9B006ED56}.Release|Any CPU.ActiveCfg = Release|Any CPU
		{6E0B9A0B-B9AF-2C05-5C68-79C9B006ED56}.Release|Any CPU.Build.0 = Release|Any CPU
		{C6FA9ABF-8DC3-86DB-D955-8E3ED8284A1B}.Debug|Any CPU.ActiveCfg = Debug|Any CPU
		{C6FA9ABF-8DC3-86DB-D955-8E3ED8284A1B}.Debug|Any CPU.Build.0 = Debug|Any CPU
		{C6FA9ABF-8DC3-86DB-D955-8E3ED8284A1B}.Release|Any CPU.ActiveCfg = Release|Any CPU
		{C6FA9ABF-8DC3-86DB-D955-8E3ED8284A1B}.Release|Any CPU.Build.0 = Release|Any CPU
		{50292A69-5C81-1C7F-B7D6-5E5AC05FD89D}.Debug|Any CPU.ActiveCfg = Debug|Any CPU
		{50292A69-5C81-1C7F-B7D6-5E5AC05FD89D}.Debug|Any CPU.Build.0 = Debug|Any CPU
		{50292A69-5C81-1C7F-B7D6-5E5AC05FD89D}.Release|Any CPU.ActiveCfg = Release|Any CPU
		{50292A69-5C81-1C7F-B7D6-5E5AC05FD89D}.Release|Any CPU.Build.0 = Release|Any CPU
		{05A07CC3-DED6-05FB-3088-8FB99B9E1BC2}.Debug|Any CPU.ActiveCfg = Debug|Any CPU
		{05A07CC3-DED6-05FB-3088-8FB99B9E1BC2}.Debug|Any CPU.Build.0 = Debug|Any CPU
		{05A07CC3-DED6-05FB-3088-8FB99B9E1BC2}.Release|Any CPU.ActiveCfg = Release|Any CPU
		{05A07CC3-DED6-05FB-3088-8FB99B9E1BC2}.Release|Any CPU.Build.0 = Release|Any CPU
		{69C09019-7991-AC48-5E1B-3FA8653DE432}.Debug|Any CPU.ActiveCfg = Debug|Any CPU
		{69C09019-7991-AC48-5E1B-3FA8653DE432}.Debug|Any CPU.Build.0 = Debug|Any CPU
		{69C09019-7991-AC48-5E1B-3FA8653DE432}.Release|Any CPU.ActiveCfg = Release|Any CPU
		{69C09019-7991-AC48-5E1B-3FA8653DE432}.Release|Any CPU.Build.0 = Release|Any CPU
		{0FD2418B-4412-4993-E69B-EEAC09B31A72}.Debug|Any CPU.ActiveCfg = Debug|Any CPU
		{0FD2418B-4412-4993-E69B-EEAC09B31A72}.Debug|Any CPU.Build.0 = Debug|Any CPU
		{0FD2418B-4412-4993-E69B-EEAC09B31A72}.Release|Any CPU.ActiveCfg = Release|Any CPU
		{0FD2418B-4412-4993-E69B-EEAC09B31A72}.Release|Any CPU.Build.0 = Release|Any CPU
		{9F3BEFA8-3CDF-9660-2CF1-FD24EE8F0FCF}.Debug|Any CPU.ActiveCfg = Debug|Any CPU
		{9F3BEFA8-3CDF-9660-2CF1-FD24EE8F0FCF}.Debug|Any CPU.Build.0 = Debug|Any CPU
		{9F3BEFA8-3CDF-9660-2CF1-FD24EE8F0FCF}.Release|Any CPU.ActiveCfg = Release|Any CPU
		{9F3BEFA8-3CDF-9660-2CF1-FD24EE8F0FCF}.Release|Any CPU.Build.0 = Release|Any CPU
		{ABA4BF2E-3E59-218A-7210-D16A818A111A}.Debug|Any CPU.ActiveCfg = Debug|Any CPU
		{ABA4BF2E-3E59-218A-7210-D16A818A111A}.Debug|Any CPU.Build.0 = Debug|Any CPU
		{ABA4BF2E-3E59-218A-7210-D16A818A111A}.Release|Any CPU.ActiveCfg = Release|Any CPU
		{ABA4BF2E-3E59-218A-7210-D16A818A111A}.Release|Any CPU.Build.0 = Release|Any CPU
		{BA0F29FD-6E0A-A3D5-7FFE-72D7126617FD}.Debug|Any CPU.ActiveCfg = Debug|Any CPU
		{BA0F29FD-6E0A-A3D5-7FFE-72D7126617FD}.Debug|Any CPU.Build.0 = Debug|Any CPU
		{BA0F29FD-6E0A-A3D5-7FFE-72D7126617FD}.Release|Any CPU.ActiveCfg = Release|Any CPU
		{BA0F29FD-6E0A-A3D5-7FFE-72D7126617FD}.Release|Any CPU.Build.0 = Release|Any CPU
		{688A507A-0F1B-C607-B6C9-B1B0BA0D5633}.Debug|Any CPU.ActiveCfg = Debug|Any CPU
		{688A507A-0F1B-C607-B6C9-B1B0BA0D5633}.Debug|Any CPU.Build.0 = Debug|Any CPU
		{688A507A-0F1B-C607-B6C9-B1B0BA0D5633}.Release|Any CPU.ActiveCfg = Release|Any CPU
		{688A507A-0F1B-C607-B6C9-B1B0BA0D5633}.Release|Any CPU.Build.0 = Release|Any CPU
		{95532327-06FD-8067-2027-046FF83788BD}.Debug|Any CPU.ActiveCfg = Debug|Any CPU
		{95532327-06FD-8067-2027-046FF83788BD}.Debug|Any CPU.Build.0 = Debug|Any CPU
		{95532327-06FD-8067-2027-046FF83788BD}.Release|Any CPU.ActiveCfg = Release|Any CPU
		{95532327-06FD-8067-2027-046FF83788BD}.Release|Any CPU.Build.0 = Release|Any CPU
		{EC6F960C-6D8A-DC3D-28EB-D27D73EDF075}.Debug|Any CPU.ActiveCfg = Debug|Any CPU
		{EC6F960C-6D8A-DC3D-28EB-D27D73EDF075}.Debug|Any CPU.Build.0 = Debug|Any CPU
		{EC6F960C-6D8A-DC3D-28EB-D27D73EDF075}.Release|Any CPU.ActiveCfg = Release|Any CPU
		{EC6F960C-6D8A-DC3D-28EB-D27D73EDF075}.Release|Any CPU.Build.0 = Release|Any CPU
		{51B4B6E3-3A08-E87E-21B2-6A45FC6B2532}.Debug|Any CPU.ActiveCfg = Debug|Any CPU
		{51B4B6E3-3A08-E87E-21B2-6A45FC6B2532}.Debug|Any CPU.Build.0 = Debug|Any CPU
		{51B4B6E3-3A08-E87E-21B2-6A45FC6B2532}.Release|Any CPU.ActiveCfg = Release|Any CPU
		{51B4B6E3-3A08-E87E-21B2-6A45FC6B2532}.Release|Any CPU.Build.0 = Release|Any CPU
		{CAB0D7AA-CF5E-AF91-12C5-271D98E89314}.Debug|Any CPU.ActiveCfg = Debug|Any CPU
		{CAB0D7AA-CF5E-AF91-12C5-271D98E89314}.Debug|Any CPU.Build.0 = Debug|Any CPU
		{CAB0D7AA-CF5E-AF91-12C5-271D98E89314}.Release|Any CPU.ActiveCfg = Release|Any CPU
		{CAB0D7AA-CF5E-AF91-12C5-271D98E89314}.Release|Any CPU.Build.0 = Release|Any CPU
		{6D73068D-E4B5-6138-A28B-702C281DB2E0}.Debug|Any CPU.ActiveCfg = Debug|Any CPU
		{6D73068D-E4B5-6138-A28B-702C281DB2E0}.Debug|Any CPU.Build.0 = Debug|Any CPU
		{6D73068D-E4B5-6138-A28B-702C281DB2E0}.Release|Any CPU.ActiveCfg = Release|Any CPU
		{6D73068D-E4B5-6138-A28B-702C281DB2E0}.Release|Any CPU.Build.0 = Release|Any CPU
		{451A8729-0365-67C4-29E9-F3B012B28236}.Debug|Any CPU.ActiveCfg = Debug|Any CPU
		{451A8729-0365-67C4-29E9-F3B012B28236}.Debug|Any CPU.Build.0 = Debug|Any CPU
		{451A8729-0365-67C4-29E9-F3B012B28236}.Release|Any CPU.ActiveCfg = Release|Any CPU
		{451A8729-0365-67C4-29E9-F3B012B28236}.Release|Any CPU.Build.0 = Release|Any CPU
		{02DBBB8B-E2E0-2F95-13D2-8782B3162298}.Debug|Any CPU.ActiveCfg = Debug|Any CPU
		{02DBBB8B-E2E0-2F95-13D2-8782B3162298}.Debug|Any CPU.Build.0 = Debug|Any CPU
		{02DBBB8B-E2E0-2F95-13D2-8782B3162298}.Release|Any CPU.ActiveCfg = Release|Any CPU
		{02DBBB8B-E2E0-2F95-13D2-8782B3162298}.Release|Any CPU.Build.0 = Release|Any CPU
		{BECA8D98-C310-7A15-5616-F06AA0DC30B9}.Debug|Any CPU.ActiveCfg = Debug|Any CPU
		{BECA8D98-C310-7A15-5616-F06AA0DC30B9}.Debug|Any CPU.Build.0 = Debug|Any CPU
		{BECA8D98-C310-7A15-5616-F06AA0DC30B9}.Release|Any CPU.ActiveCfg = Release|Any CPU
		{BECA8D98-C310-7A15-5616-F06AA0DC30B9}.Release|Any CPU.Build.0 = Release|Any CPU
		{879B1131-8D2B-B627-E18F-8ADB15E1BCC7}.Debug|Any CPU.ActiveCfg = Debug|Any CPU
		{879B1131-8D2B-B627-E18F-8ADB15E1BCC7}.Debug|Any CPU.Build.0 = Debug|Any CPU
		{879B1131-8D2B-B627-E18F-8ADB15E1BCC7}.Release|Any CPU.ActiveCfg = Release|Any CPU
		{879B1131-8D2B-B627-E18F-8ADB15E1BCC7}.Release|Any CPU.Build.0 = Release|Any CPU
		{E3D6BD26-8A5F-D864-6C58-DFE29AF5B9B8}.Debug|Any CPU.ActiveCfg = Debug|Any CPU
		{E3D6BD26-8A5F-D864-6C58-DFE29AF5B9B8}.Debug|Any CPU.Build.0 = Debug|Any CPU
		{E3D6BD26-8A5F-D864-6C58-DFE29AF5B9B8}.Release|Any CPU.ActiveCfg = Release|Any CPU
		{E3D6BD26-8A5F-D864-6C58-DFE29AF5B9B8}.Release|Any CPU.Build.0 = Release|Any CPU
		{142AE5F1-27F6-9A61-EADA-4B7C4F343658}.Debug|Any CPU.ActiveCfg = Debug|Any CPU
		{142AE5F1-27F6-9A61-EADA-4B7C4F343658}.Debug|Any CPU.Build.0 = Debug|Any CPU
		{142AE5F1-27F6-9A61-EADA-4B7C4F343658}.Release|Any CPU.ActiveCfg = Release|Any CPU
		{142AE5F1-27F6-9A61-EADA-4B7C4F343658}.Release|Any CPU.Build.0 = Release|Any CPU
		{08CEDCA3-4F6E-B3C6-DC2F-55FAB7A06460}.Debug|Any CPU.ActiveCfg = Debug|Any CPU
		{08CEDCA3-4F6E-B3C6-DC2F-55FAB7A06460}.Debug|Any CPU.Build.0 = Debug|Any CPU
		{08CEDCA3-4F6E-B3C6-DC2F-55FAB7A06460}.Release|Any CPU.ActiveCfg = Release|Any CPU
		{08CEDCA3-4F6E-B3C6-DC2F-55FAB7A06460}.Release|Any CPU.Build.0 = Release|Any CPU
		{DB2F5B99-828B-83E6-5901-65FDE296D3DC}.Debug|Any CPU.ActiveCfg = Debug|Any CPU
		{DB2F5B99-828B-83E6-5901-65FDE296D3DC}.Debug|Any CPU.Build.0 = Debug|Any CPU
		{DB2F5B99-828B-83E6-5901-65FDE296D3DC}.Release|Any CPU.ActiveCfg = Release|Any CPU
		{DB2F5B99-828B-83E6-5901-65FDE296D3DC}.Release|Any CPU.Build.0 = Release|Any CPU
		{DD21E8E5-2F2E-76C2-7494-311F4BD53D99}.Debug|Any CPU.ActiveCfg = Debug|Any CPU
		{DD21E8E5-2F2E-76C2-7494-311F4BD53D99}.Debug|Any CPU.Build.0 = Debug|Any CPU
		{DD21E8E5-2F2E-76C2-7494-311F4BD53D99}.Release|Any CPU.ActiveCfg = Release|Any CPU
		{DD21E8E5-2F2E-76C2-7494-311F4BD53D99}.Release|Any CPU.Build.0 = Release|Any CPU
		{3655D2AA-5791-1D50-6372-04D0DFB7004E}.Debug|Any CPU.ActiveCfg = Debug|Any CPU
		{3655D2AA-5791-1D50-6372-04D0DFB7004E}.Debug|Any CPU.Build.0 = Debug|Any CPU
		{3655D2AA-5791-1D50-6372-04D0DFB7004E}.Release|Any CPU.ActiveCfg = Release|Any CPU
		{3655D2AA-5791-1D50-6372-04D0DFB7004E}.Release|Any CPU.Build.0 = Release|Any CPU
		{A4BB14FE-5B31-AAFB-A852-30147013139E}.Debug|Any CPU.ActiveCfg = Debug|Any CPU
		{A4BB14FE-5B31-AAFB-A852-30147013139E}.Debug|Any CPU.Build.0 = Debug|Any CPU
		{A4BB14FE-5B31-AAFB-A852-30147013139E}.Release|Any CPU.ActiveCfg = Release|Any CPU
		{A4BB14FE-5B31-AAFB-A852-30147013139E}.Release|Any CPU.Build.0 = Release|Any CPU
		{276CEFB5-A6F8-FD22-FD62-EFDCAC908813}.Debug|Any CPU.ActiveCfg = Debug|Any CPU
		{276CEFB5-A6F8-FD22-FD62-EFDCAC908813}.Debug|Any CPU.Build.0 = Debug|Any CPU
		{276CEFB5-A6F8-FD22-FD62-EFDCAC908813}.Release|Any CPU.ActiveCfg = Release|Any CPU
		{276CEFB5-A6F8-FD22-FD62-EFDCAC908813}.Release|Any CPU.Build.0 = Release|Any CPU
		{4B17DEAB-5577-75E9-F76C-38E5FCC2BE30}.Debug|Any CPU.ActiveCfg = Debug|Any CPU
		{4B17DEAB-5577-75E9-F76C-38E5FCC2BE30}.Debug|Any CPU.Build.0 = Debug|Any CPU
		{4B17DEAB-5577-75E9-F76C-38E5FCC2BE30}.Release|Any CPU.ActiveCfg = Release|Any CPU
		{4B17DEAB-5577-75E9-F76C-38E5FCC2BE30}.Release|Any CPU.Build.0 = Release|Any CPU
		{E0CB83AA-8248-DB70-A7A6-113E0986A70E}.Debug|Any CPU.ActiveCfg = Debug|Any CPU
		{E0CB83AA-8248-DB70-A7A6-113E0986A70E}.Debug|Any CPU.Build.0 = Debug|Any CPU
		{E0CB83AA-8248-DB70-A7A6-113E0986A70E}.Release|Any CPU.ActiveCfg = Release|Any CPU
		{E0CB83AA-8248-DB70-A7A6-113E0986A70E}.Release|Any CPU.Build.0 = Release|Any CPU
		{E625ABB0-CCDA-E069-9717-ECCFCA11CC7A}.Debug|Any CPU.ActiveCfg = Debug|Any CPU
		{E625ABB0-CCDA-E069-9717-ECCFCA11CC7A}.Debug|Any CPU.Build.0 = Debug|Any CPU
		{E625ABB0-CCDA-E069-9717-ECCFCA11CC7A}.Release|Any CPU.ActiveCfg = Release|Any CPU
		{E625ABB0-CCDA-E069-9717-ECCFCA11CC7A}.Release|Any CPU.Build.0 = Release|Any CPU
		{3F36DA64-68CB-9E2F-1B3A-512583ABE8B5}.Debug|Any CPU.ActiveCfg = Debug|Any CPU
		{3F36DA64-68CB-9E2F-1B3A-512583ABE8B5}.Debug|Any CPU.Build.0 = Debug|Any CPU
		{3F36DA64-68CB-9E2F-1B3A-512583ABE8B5}.Release|Any CPU.ActiveCfg = Release|Any CPU
		{3F36DA64-68CB-9E2F-1B3A-512583ABE8B5}.Release|Any CPU.Build.0 = Release|Any CPU
		{061EDA45-5007-9983-7415-7482079E3369}.Debug|Any CPU.ActiveCfg = Debug|Any CPU
		{061EDA45-5007-9983-7415-7482079E3369}.Debug|Any CPU.Build.0 = Debug|Any CPU
		{061EDA45-5007-9983-7415-7482079E3369}.Release|Any CPU.ActiveCfg = Release|Any CPU
		{061EDA45-5007-9983-7415-7482079E3369}.Release|Any CPU.Build.0 = Release|Any CPU
		{48592165-F0E3-EC86-309C-EB68EDDC9CBB}.Debug|Any CPU.ActiveCfg = Debug|Any CPU
		{48592165-F0E3-EC86-309C-EB68EDDC9CBB}.Debug|Any CPU.Build.0 = Debug|Any CPU
		{48592165-F0E3-EC86-309C-EB68EDDC9CBB}.Release|Any CPU.ActiveCfg = Release|Any CPU
		{48592165-F0E3-EC86-309C-EB68EDDC9CBB}.Release|Any CPU.Build.0 = Release|Any CPU
		{9FF72121-8CBA-9212-0D63-27B0B986A6FF}.Debug|Any CPU.ActiveCfg = Debug|Any CPU
		{9FF72121-8CBA-9212-0D63-27B0B986A6FF}.Debug|Any CPU.Build.0 = Debug|Any CPU
		{9FF72121-8CBA-9212-0D63-27B0B986A6FF}.Release|Any CPU.ActiveCfg = Release|Any CPU
		{9FF72121-8CBA-9212-0D63-27B0B986A6FF}.Release|Any CPU.Build.0 = Release|Any CPU
		{F38FE83D-49F9-7751-1330-E93FFE33CCB0}.Debug|Any CPU.ActiveCfg = Debug|Any CPU
		{F38FE83D-49F9-7751-1330-E93FFE33CCB0}.Debug|Any CPU.Build.0 = Debug|Any CPU
		{F38FE83D-49F9-7751-1330-E93FFE33CCB0}.Release|Any CPU.ActiveCfg = Release|Any CPU
		{F38FE83D-49F9-7751-1330-E93FFE33CCB0}.Release|Any CPU.Build.0 = Release|Any CPU
		{6A1C78CA-9B65-BCF0-52BA-D42D23981CE0}.Debug|Any CPU.ActiveCfg = Debug|Any CPU
		{6A1C78CA-9B65-BCF0-52BA-D42D23981CE0}.Debug|Any CPU.Build.0 = Debug|Any CPU
		{6A1C78CA-9B65-BCF0-52BA-D42D23981CE0}.Release|Any CPU.ActiveCfg = Release|Any CPU
		{6A1C78CA-9B65-BCF0-52BA-D42D23981CE0}.Release|Any CPU.Build.0 = Release|Any CPU
		{51DF1A25-59B8-67BC-6378-1EC0EB95873C}.Debug|Any CPU.ActiveCfg = Debug|Any CPU
		{51DF1A25-59B8-67BC-6378-1EC0EB95873C}.Debug|Any CPU.Build.0 = Debug|Any CPU
		{51DF1A25-59B8-67BC-6378-1EC0EB95873C}.Release|Any CPU.ActiveCfg = Release|Any CPU
		{51DF1A25-59B8-67BC-6378-1EC0EB95873C}.Release|Any CPU.Build.0 = Release|Any CPU
		{EE2D22C2-5F4E-753D-09AD-1138AAF7A980}.Debug|Any CPU.ActiveCfg = Debug|Any CPU
		{EE2D22C2-5F4E-753D-09AD-1138AAF7A980}.Debug|Any CPU.Build.0 = Debug|Any CPU
		{EE2D22C2-5F4E-753D-09AD-1138AAF7A980}.Release|Any CPU.ActiveCfg = Release|Any CPU
		{EE2D22C2-5F4E-753D-09AD-1138AAF7A980}.Release|Any CPU.Build.0 = Release|Any CPU
		{5C8FD32E-30DF-DDA2-0BDA-1714320D9F54}.Debug|Any CPU.ActiveCfg = Debug|Any CPU
		{5C8FD32E-30DF-DDA2-0BDA-1714320D9F54}.Debug|Any CPU.Build.0 = Debug|Any CPU
		{5C8FD32E-30DF-DDA2-0BDA-1714320D9F54}.Release|Any CPU.ActiveCfg = Release|Any CPU
		{5C8FD32E-30DF-DDA2-0BDA-1714320D9F54}.Release|Any CPU.Build.0 = Release|Any CPU
		{8F088D1A-B0B2-D279-4531-5CBCCAA902D0}.Debug|Any CPU.ActiveCfg = Debug|Any CPU
		{8F088D1A-B0B2-D279-4531-5CBCCAA902D0}.Debug|Any CPU.Build.0 = Debug|Any CPU
		{8F088D1A-B0B2-D279-4531-5CBCCAA902D0}.Release|Any CPU.ActiveCfg = Release|Any CPU
		{8F088D1A-B0B2-D279-4531-5CBCCAA902D0}.Release|Any CPU.Build.0 = Release|Any CPU
		{C90B8E95-A2C9-53D3-0059-0DC98BE0A5DD}.Debug|Any CPU.ActiveCfg = Debug|Any CPU
		{C90B8E95-A2C9-53D3-0059-0DC98BE0A5DD}.Debug|Any CPU.Build.0 = Debug|Any CPU
		{C90B8E95-A2C9-53D3-0059-0DC98BE0A5DD}.Release|Any CPU.ActiveCfg = Release|Any CPU
		{C90B8E95-A2C9-53D3-0059-0DC98BE0A5DD}.Release|Any CPU.Build.0 = Release|Any CPU
		{FF60C437-28FD-2F8C-7F6F-7B6C1FB4917C}.Debug|Any CPU.ActiveCfg = Debug|Any CPU
		{FF60C437-28FD-2F8C-7F6F-7B6C1FB4917C}.Debug|Any CPU.Build.0 = Debug|Any CPU
		{FF60C437-28FD-2F8C-7F6F-7B6C1FB4917C}.Release|Any CPU.ActiveCfg = Release|Any CPU
		{FF60C437-28FD-2F8C-7F6F-7B6C1FB4917C}.Release|Any CPU.Build.0 = Release|Any CPU
		{FE5D6EF8-9E8E-0238-A03E-2C12959880CE}.Debug|Any CPU.ActiveCfg = Debug|Any CPU
		{FE5D6EF8-9E8E-0238-A03E-2C12959880CE}.Debug|Any CPU.Build.0 = Debug|Any CPU
		{FE5D6EF8-9E8E-0238-A03E-2C12959880CE}.Release|Any CPU.ActiveCfg = Release|Any CPU
		{FE5D6EF8-9E8E-0238-A03E-2C12959880CE}.Release|Any CPU.Build.0 = Release|Any CPU
		{E82CDA7A-0932-43BC-FA34-7E7EA5577F08}.Debug|Any CPU.ActiveCfg = Debug|Any CPU
		{E82CDA7A-0932-43BC-FA34-7E7EA5577F08}.Debug|Any CPU.Build.0 = Debug|Any CPU
		{E82CDA7A-0932-43BC-FA34-7E7EA5577F08}.Release|Any CPU.ActiveCfg = Release|Any CPU
		{E82CDA7A-0932-43BC-FA34-7E7EA5577F08}.Release|Any CPU.Build.0 = Release|Any CPU
		{CE6C10D4-13E6-C8FA-0581-DF960197D455}.Debug|Any CPU.ActiveCfg = Debug|Any CPU
		{CE6C10D4-13E6-C8FA-0581-DF960197D455}.Debug|Any CPU.Build.0 = Debug|Any CPU
		{CE6C10D4-13E6-C8FA-0581-DF960197D455}.Release|Any CPU.ActiveCfg = Release|Any CPU
		{CE6C10D4-13E6-C8FA-0581-DF960197D455}.Release|Any CPU.Build.0 = Release|Any CPU
		{8091A034-F5E0-C2EA-8197-C2E025D4885C}.Debug|Any CPU.ActiveCfg = Debug|Any CPU
		{8091A034-F5E0-C2EA-8197-C2E025D4885C}.Debug|Any CPU.Build.0 = Debug|Any CPU
		{8091A034-F5E0-C2EA-8197-C2E025D4885C}.Release|Any CPU.ActiveCfg = Release|Any CPU
		{8091A034-F5E0-C2EA-8197-C2E025D4885C}.Release|Any CPU.Build.0 = Release|Any CPU
		{C4F83749-80A4-D3C4-3041-CA8F17846D93}.Debug|Any CPU.ActiveCfg = Debug|Any CPU
		{C4F83749-80A4-D3C4-3041-CA8F17846D93}.Debug|Any CPU.Build.0 = Debug|Any CPU
		{C4F83749-80A4-D3C4-3041-CA8F17846D93}.Release|Any CPU.ActiveCfg = Release|Any CPU
		{C4F83749-80A4-D3C4-3041-CA8F17846D93}.Release|Any CPU.Build.0 = Release|Any CPU
		{E78231AB-8D24-BE03-F359-1F971E42F692}.Debug|Any CPU.ActiveCfg = Debug|Any CPU
		{E78231AB-8D24-BE03-F359-1F971E42F692}.Debug|Any CPU.Build.0 = Debug|Any CPU
		{E78231AB-8D24-BE03-F359-1F971E42F692}.Release|Any CPU.ActiveCfg = Release|Any CPU
		{E78231AB-8D24-BE03-F359-1F971E42F692}.Release|Any CPU.Build.0 = Release|Any CPU
		{F4ABF41A-BEDA-6F66-FDB1-310444B9340C}.Debug|Any CPU.ActiveCfg = Debug|Any CPU
		{F4ABF41A-BEDA-6F66-FDB1-310444B9340C}.Debug|Any CPU.Build.0 = Debug|Any CPU
		{F4ABF41A-BEDA-6F66-FDB1-310444B9340C}.Release|Any CPU.ActiveCfg = Release|Any CPU
		{F4ABF41A-BEDA-6F66-FDB1-310444B9340C}.Release|Any CPU.Build.0 = Release|Any CPU
		{F88EE4FE-7548-29A2-B677-941040F4D579}.Debug|Any CPU.ActiveCfg = Debug|Any CPU
		{F88EE4FE-7548-29A2-B677-941040F4D579}.Debug|Any CPU.Build.0 = Debug|Any CPU
		{F88EE4FE-7548-29A2-B677-941040F4D579}.Release|Any CPU.ActiveCfg = Release|Any CPU
		{F88EE4FE-7548-29A2-B677-941040F4D579}.Release|Any CPU.Build.0 = Release|Any CPU
		{EFE8D9C3-3A70-FF33-FC13-35D1969337A9}.Debug|Any CPU.ActiveCfg = Debug|Any CPU
		{EFE8D9C3-3A70-FF33-FC13-35D1969337A9}.Debug|Any CPU.Build.0 = Debug|Any CPU
		{EFE8D9C3-3A70-FF33-FC13-35D1969337A9}.Release|Any CPU.ActiveCfg = Release|Any CPU
		{EFE8D9C3-3A70-FF33-FC13-35D1969337A9}.Release|Any CPU.Build.0 = Release|Any CPU
		{B19CC209-ABA5-9706-72BF-15452272733C}.Debug|Any CPU.ActiveCfg = Debug|Any CPU
		{B19CC209-ABA5-9706-72BF-15452272733C}.Debug|Any CPU.Build.0 = Debug|Any CPU
		{B19CC209-ABA5-9706-72BF-15452272733C}.Release|Any CPU.ActiveCfg = Release|Any CPU
		{B19CC209-ABA5-9706-72BF-15452272733C}.Release|Any CPU.Build.0 = Release|Any CPU
		{5AD45534-5D8F-2718-5613-AA1D6E40BD1B}.Debug|Any CPU.ActiveCfg = Debug|Any CPU
		{5AD45534-5D8F-2718-5613-AA1D6E40BD1B}.Debug|Any CPU.Build.0 = Debug|Any CPU
		{5AD45534-5D8F-2718-5613-AA1D6E40BD1B}.Release|Any CPU.ActiveCfg = Release|Any CPU
		{5AD45534-5D8F-2718-5613-AA1D6E40BD1B}.Release|Any CPU.Build.0 = Release|Any CPU
		{9D3B7C7B-CFCF-89B7-C27F-15F83C68F080}.Debug|Any CPU.ActiveCfg = Debug|Any CPU
		{9D3B7C7B-CFCF-89B7-C27F-15F83C68F080}.Debug|Any CPU.Build.0 = Debug|Any CPU
		{9D3B7C7B-CFCF-89B7-C27F-15F83C68F080}.Release|Any CPU.ActiveCfg = Release|Any CPU
		{9D3B7C7B-CFCF-89B7-C27F-15F83C68F080}.Release|Any CPU.Build.0 = Release|Any CPU
		{609F961F-350D-30FF-FD5E-049555C723D7}.Debug|Any CPU.ActiveCfg = Debug|Any CPU
		{609F961F-350D-30FF-FD5E-049555C723D7}.Debug|Any CPU.Build.0 = Debug|Any CPU
		{609F961F-350D-30FF-FD5E-049555C723D7}.Release|Any CPU.ActiveCfg = Release|Any CPU
		{609F961F-350D-30FF-FD5E-049555C723D7}.Release|Any CPU.Build.0 = Release|Any CPU
		{0B9977D6-F996-7243-3270-5E7F137A9BAE}.Debug|Any CPU.ActiveCfg = Debug|Any CPU
		{0B9977D6-F996-7243-3270-5E7F137A9BAE}.Debug|Any CPU.Build.0 = Debug|Any CPU
		{0B9977D6-F996-7243-3270-5E7F137A9BAE}.Release|Any CPU.ActiveCfg = Release|Any CPU
		{0B9977D6-F996-7243-3270-5E7F137A9BAE}.Release|Any CPU.Build.0 = Release|Any CPU
		{1AAA4297-6DE1-0BC8-3B4E-3C90CE670915}.Debug|Any CPU.ActiveCfg = Debug|Any CPU
		{1AAA4297-6DE1-0BC8-3B4E-3C90CE670915}.Debug|Any CPU.Build.0 = Debug|Any CPU
		{1AAA4297-6DE1-0BC8-3B4E-3C90CE670915}.Release|Any CPU.ActiveCfg = Release|Any CPU
		{1AAA4297-6DE1-0BC8-3B4E-3C90CE670915}.Release|Any CPU.Build.0 = Release|Any CPU
	EndGlobalSection
	GlobalSection(SolutionProperties) = preSolution
		HideSolutionNode = FALSE
	EndGlobalSection
EndGlobal
